
Microsoft Visual Studio Solution File, Format Version 12.00
# Visual Studio Version 16
VisualStudioVersion = 16.0.31025.194
MinimumVisualStudioVersion = 10.0.40219.1
Project("{9A19103F-16F7-4668-BE54-9A1E7A4F7556}") = "SudokuSolver", "SudokuSolver\SudokuSolver.csproj", "{4F76CCBD-6FF2-41CB-9BB6-BA07A64E44F6}"
EndProject
Project("{9A19103F-16F7-4668-BE54-9A1E7A4F7556}") = "SudokuSolverConsole", "SudokuSolverConsole\SudokuSolverConsole.csproj", "{B11ADF1F-CAF0-4E2A-9988-97CCB91275E8}"
EndProject
Project("{9A19103F-16F7-4668-BE54-9A1E7A4F7556}") = "SudokuTests", "SudokuTests\SudokuTests.csproj", "{B201F5BB-88F4-42C6-AFEA-AFCDD8A0532B}"
	ProjectSection(ProjectDependencies) = postProject
		{4F76CCBD-6FF2-41CB-9BB6-BA07A64E44F6} = {4F76CCBD-6FF2-41CB-9BB6-BA07A64E44F6}
	EndProjectSection
EndProject
Project("{FAE04EC0-301F-11D3-BF4B-00C04F79EFBC}") = "SudokuSolver.Wasm", "SudokuSolver.Wasm\SudokuSolver.Wasm.csproj", "{7D54F72F-C21C-45CF-84C0-0D7B766FE089}"
EndProject
Global
	GlobalSection(SolutionConfigurationPlatforms) = preSolution
		Debug|Any CPU = Debug|Any CPU
		Debug|x64 = Debug|x64
		Debug|x86 = Debug|x86
		Release|Any CPU = Release|Any CPU
		Release|x64 = Release|x64
		Release|x86 = Release|x86
	EndGlobalSection
	GlobalSection(ProjectConfigurationPlatforms) = postSolution
		{4F76CCBD-6FF2-41CB-9BB6-BA07A64E44F6}.Debug|Any CPU.ActiveCfg = Debug|Any CPU
		{4F76CCBD-6FF2-41CB-9BB6-BA07A64E44F6}.Debug|Any CPU.Build.0 = Debug|Any CPU
		{4F76CCBD-6FF2-41CB-9BB6-BA07A64E44F6}.Debug|x64.ActiveCfg = Debug|Any CPU
		{4F76CCBD-6FF2-41CB-9BB6-BA07A64E44F6}.Debug|x64.Build.0 = Debug|Any CPU
		{4F76CCBD-6FF2-41CB-9BB6-BA07A64E44F6}.Debug|x86.ActiveCfg = Debug|Any CPU
		{4F76CCBD-6FF2-41CB-9BB6-BA07A64E44F6}.Debug|x86.Build.0 = Debug|Any CPU
		{4F76CCBD-6FF2-41CB-9BB6-BA07A64E44F6}.Release|Any CPU.ActiveCfg = Release|Any CPU
		{4F76CCBD-6FF2-41CB-9BB6-BA07A64E44F6}.Release|Any CPU.Build.0 = Release|Any CPU
		{4F76CCBD-6FF2-41CB-9BB6-BA07A64E44F6}.Release|x64.ActiveCfg = Release|Any CPU
		{4F76CCBD-6FF2-41CB-9BB6-BA07A64E44F6}.Release|x64.Build.0 = Release|Any CPU
		{4F76CCBD-6FF2-41CB-9BB6-BA07A64E44F6}.Release|x86.ActiveCfg = Release|Any CPU
		{4F76CCBD-6FF2-41CB-9BB6-BA07A64E44F6}.Release|x86.Build.0 = Release|Any CPU
		{B11ADF1F-CAF0-4E2A-9988-97CCB91275E8}.Debug|Any CPU.ActiveCfg = Debug|Any CPU
		{B11ADF1F-CAF0-4E2A-9988-97CCB91275E8}.Debug|Any CPU.Build.0 = Debug|Any CPU
		{B11ADF1F-CAF0-4E2A-9988-97CCB91275E8}.Debug|x64.ActiveCfg = Debug|Any CPU
		{B11ADF1F-CAF0-4E2A-9988-97CCB91275E8}.Debug|x64.Build.0 = Debug|Any CPU
		{B11ADF1F-CAF0-4E2A-9988-97CCB91275E8}.Debug|x86.ActiveCfg = Debug|Any CPU
		{B11ADF1F-CAF0-4E2A-9988-97CCB91275E8}.Debug|x86.Build.0 = Debug|Any CPU
		{B11ADF1F-CAF0-4E2A-9988-97CCB91275E8}.Release|Any CPU.ActiveCfg = Release|Any CPU
		{B11ADF1F-CAF0-4E2A-9988-97CCB91275E8}.Release|Any CPU.Build.0 = Release|Any CPU
		{B11ADF1F-CAF0-4E2A-9988-97CCB91275E8}.Release|x64.ActiveCfg = Release|Any CPU
		{B11ADF1F-CAF0-4E2A-9988-97CCB91275E8}.Release|x64.Build.0 = Release|Any CPU
		{B11ADF1F-CAF0-4E2A-9988-97CCB91275E8}.Release|x86.ActiveCfg = Release|Any CPU
		{B11ADF1F-CAF0-4E2A-9988-97CCB91275E8}.Release|x86.Build.0 = Release|Any CPU
		{B201F5BB-88F4-42C6-AFEA-AFCDD8A0532B}.Debug|Any CPU.ActiveCfg = Debug|Any CPU
		{B201F5BB-88F4-42C6-AFEA-AFCDD8A0532B}.Debug|Any CPU.Build.0 = Debug|Any CPU
		{B201F5BB-88F4-42C6-AFEA-AFCDD8A0532B}.Debug|x64.ActiveCfg = Debug|Any CPU
		{B201F5BB-88F4-42C6-AFEA-AFCDD8A0532B}.Debug|x64.Build.0 = Debug|Any CPU
		{B201F5BB-88F4-42C6-AFEA-AFCDD8A0532B}.Debug|x86.ActiveCfg = Debug|Any CPU
		{B201F5BB-88F4-42C6-AFEA-AFCDD8A0532B}.Debug|x86.Build.0 = Debug|Any CPU
		{B201F5BB-88F4-42C6-AFEA-AFCDD8A0532B}.Release|Any CPU.ActiveCfg = Release|Any CPU
		{B201F5BB-88F4-42C6-AFEA-AFCDD8A0532B}.Release|Any CPU.Build.0 = Release|Any CPU
		{B201F5BB-88F4-42C6-AFEA-AFCDD8A0532B}.Release|x64.ActiveCfg = Release|Any CPU
		{B201F5BB-88F4-42C6-AFEA-AFCDD8A0532B}.Release|x64.Build.0 = Release|Any CPU
		{B201F5BB-88F4-42C6-AFEA-AFCDD8A0532B}.Release|x86.ActiveCfg = Release|Any CPU
		{B201F5BB-88F4-42C6-AFEA-AFCDD8A0532B}.Release|x86.Build.0 = Release|Any CPU
		{7D54F72F-C21C-45CF-84C0-0D7B766FE089}.Debug|Any CPU.ActiveCfg = Debug|Any CPU
		{7D54F72F-C21C-45CF-84C0-0D7B766FE089}.Debug|Any CPU.Build.0 = Debug|Any CPU
		{7D54F72F-C21C-45CF-84C0-0D7B766FE089}.Debug|x64.ActiveCfg = Debug|Any CPU
		{7D54F72F-C21C-45CF-84C0-0D7B766FE089}.Debug|x64.Build.0 = Debug|Any CPU
		{7D54F72F-C21C-45CF-84C0-0D7B766FE089}.Debug|x86.ActiveCfg = Debug|Any CPU
		{7D54F72F-C21C-45CF-84C0-0D7B766FE089}.Debug|x86.Build.0 = Debug|Any CPU
		{7D54F72F-C21C-45CF-84C0-0D7B766FE089}.Release|Any CPU.ActiveCfg = Release|Any CPU
		{7D54F72F-C21C-45CF-84C0-0D7B766FE089}.Release|Any CPU.Build.0 = Release|Any CPU
		{7D54F72F-C21C-45CF-84C0-0D7B766FE089}.Release|x64.ActiveCfg = Release|Any CPU
		{7D54F72F-C21C-45CF-84C0-0D7B766FE089}.Release|x64.Build.0 = Release|Any CPU
		{7D54F72F-C21C-45CF-84C0-0D7B766FE089}.Release|x86.ActiveCfg = Release|Any CPU
		{7D54F72F-C21C-45CF-84C0-0D7B766FE089}.Release|x86.Build.0 = Release|Any CPU
	EndGlobalSection
	GlobalSection(SolutionProperties) = preSolution
		HideSolutionNode = FALSE
	EndGlobalSection
	GlobalSection(ExtensibilityGlobals) = postSolution
		SolutionGuid = {AC04FE02-B8A2-4F33-B8A8-9E059B055121}
	EndGlobalSection
EndGlobal
